
Microsoft Visual Studio Solution File, Format Version 12.00
Project("{FAE04EC0-301F-11D3-BF4B-00C04F79EFBC}") = "CF-Core", "CF-Core\CF-Core.csproj", "{2B7B9E9D-816D-4C39-ABF3-959A36693F66}"
EndProject
Global
	GlobalSection(SolutionConfigurationPlatforms) = preSolution
		Debug|Any CPU = Debug|Any CPU
		Release|Any CPU = Release|Any CPU
	EndGlobalSection
	GlobalSection(ProjectConfigurationPlatforms) = postSolution
		{2B7B9E9D-816D-4C39-ABF3-959A36693F66}.Debug|Any CPU.ActiveCfg = Debug|Any CPU
		{2B7B9E9D-816D-4C39-ABF3-959A36693F66}.Debug|Any CPU.Build.0 = Debug|Any CPU
		{2B7B9E9D-816D-4C39-ABF3-959A36693F66}.Release|Any CPU.ActiveCfg = Release|Any CPU
		{2B7B9E9D-816D-4C39-ABF3-959A36693F66}.Release|Any CPU.Build.0 = Release|Any CPU
	EndGlobalSection
EndGlobal
